
Microsoft Visual Studio Solution File, Format Version 12.00
# Visual Studio Version 16
VisualStudioVersion = 16.0.32802.440
MinimumVisualStudioVersion = 10.0.40219.1
Project("{FAE04EC0-301F-11D3-BF4B-00C04F79EFBC}") = "McMerchants", "McMerchants\McMerchants.csproj", "{C0F1E049-BA33-4EE5-B10A-26AFE397E465}"
	ProjectSection(ProjectDependencies) = postProject
		{CFB62B28-EC13-4073-A221-2D739CFC713D} = {CFB62B28-EC13-4073-A221-2D739CFC713D}
	EndProjectSection
EndProject
Project("{FAE04EC0-301F-11D3-BF4B-00C04F79EFBC}") = "NbtTools", "NbtTools\NbtTools.csproj", "{CFB62B28-EC13-4073-A221-2D739CFC713D}"
EndProject
Project("{FAE04EC0-301F-11D3-BF4B-00C04F79EFBC}") = "SandboxConsoleApp", "SandboxConsoleApp\SandboxConsoleApp.csproj", "{8EFD8D96-B4AD-44A1-8B49-89AA44F81B56}"
	ProjectSection(ProjectDependencies) = postProject
		{CFB62B28-EC13-4073-A221-2D739CFC713D} = {CFB62B28-EC13-4073-A221-2D739CFC713D}
	EndProjectSection
EndProject
Global
	GlobalSection(SolutionConfigurationPlatforms) = preSolution
		Debug|Any CPU = Debug|Any CPU
		Release|Any CPU = Release|Any CPU
	EndGlobalSection
	GlobalSection(ProjectConfigurationPlatforms) = postSolution
		{C0F1E049-BA33-4EE5-B10A-26AFE397E465}.Debug|Any CPU.ActiveCfg = Debug|Any CPU
		{C0F1E049-BA33-4EE5-B10A-26AFE397E465}.Debug|Any CPU.Build.0 = Debug|Any CPU
		{C0F1E049-BA33-4EE5-B10A-26AFE397E465}.Release|Any CPU.ActiveCfg = Release|Any CPU
		{C0F1E049-BA33-4EE5-B10A-26AFE397E465}.Release|Any CPU.Build.0 = Release|Any CPU
		{CFB62B28-EC13-4073-A221-2D739CFC713D}.Debug|Any CPU.ActiveCfg = Debug|Any CPU
		{CFB62B28-EC13-4073-A221-2D739CFC713D}.Debug|Any CPU.Build.0 = Debug|Any CPU
		{CFB62B28-EC13-4073-A221-2D739CFC713D}.Release|Any CPU.ActiveCfg = Release|Any CPU
		{CFB62B28-EC13-4073-A221-2D739CFC713D}.Release|Any CPU.Build.0 = Release|Any CPU
		{8EFD8D96-B4AD-44A1-8B49-89AA44F81B56}.Debug|Any CPU.ActiveCfg = Debug|Any CPU
		{8EFD8D96-B4AD-44A1-8B49-89AA44F81B56}.Debug|Any CPU.Build.0 = Debug|Any CPU
		{8EFD8D96-B4AD-44A1-8B49-89AA44F81B56}.Release|Any CPU.ActiveCfg = Release|Any CPU
		{8EFD8D96-B4AD-44A1-8B49-89AA44F81B56}.Release|Any CPU.Build.0 = Release|Any CPU
	EndGlobalSection
	GlobalSection(SolutionProperties) = preSolution
		HideSolutionNode = FALSE
	EndGlobalSection
	GlobalSection(ExtensibilityGlobals) = postSolution
		SolutionGuid = {037CC412-AC2E-4A66-A71F-402C4CE73CFF}
	EndGlobalSection
EndGlobal
