
Microsoft Visual Studio Solution File, Format Version 12.00
# Visual Studio Version 17
VisualStudioVersion = 17.4.33103.184
MinimumVisualStudioVersion = 10.0.40219.1
Project("{9A19103F-16F7-4668-BE54-9A1E7A4F7556}") = "McMerchants", "McMerchants\McMerchants.csproj", "{C0F1E049-BA33-4EE5-B10A-26AFE397E465}"
	ProjectSection(ProjectDependencies) = postProject
		{CFB62B28-EC13-4073-A221-2D739CFC713D} = {CFB62B28-EC13-4073-A221-2D739CFC713D}
	EndProjectSection
EndProject
Project("{9A19103F-16F7-4668-BE54-9A1E7A4F7556}") = "NbtTools", "NbtTools\NbtTools.csproj", "{CFB62B28-EC13-4073-A221-2D739CFC713D}"
	ProjectSection(ProjectDependencies) = postProject
		{79395DC1-FE5D-441C-A58F-C4389876954F} = {79395DC1-FE5D-441C-A58F-C4389876954F}
	EndProjectSection
EndProject
Project("{9A19103F-16F7-4668-BE54-9A1E7A4F7556}") = "SharpNBT", "..\SharpNBT\SharpNBT\SharpNBT.csproj", "{79395DC1-FE5D-441C-A58F-C4389876954F}"
EndProject
Project("{9A19103F-16F7-4668-BE54-9A1E7A4F7556}") = "McMerchantsLib", "McMerchantsLib\McMerchantsLib.csproj", "{ACCBCA06-D2AE-480E-AC9F-8EC40A8CB61A}"
EndProject
Project("{FAE04EC0-301F-11D3-BF4B-00C04F79EFBC}") = "NbtApps.Tests", "NbtApps.Tests\NbtApps.Tests.csproj", "{35A226D3-9071-4A4F-881B-C79A5CDB6862}"
EndProject
Global
	GlobalSection(SolutionConfigurationPlatforms) = preSolution
		Debug|Any CPU = Debug|Any CPU
		Release|Any CPU = Release|Any CPU
	EndGlobalSection
	GlobalSection(ProjectConfigurationPlatforms) = postSolution
		{C0F1E049-BA33-4EE5-B10A-26AFE397E465}.Debug|Any CPU.ActiveCfg = Debug|Any CPU
		{C0F1E049-BA33-4EE5-B10A-26AFE397E465}.Debug|Any CPU.Build.0 = Debug|Any CPU
		{C0F1E049-BA33-4EE5-B10A-26AFE397E465}.Release|Any CPU.ActiveCfg = Release|Any CPU
		{C0F1E049-BA33-4EE5-B10A-26AFE397E465}.Release|Any CPU.Build.0 = Release|Any CPU
		{CFB62B28-EC13-4073-A221-2D739CFC713D}.Debug|Any CPU.ActiveCfg = Debug|Any CPU
		{CFB62B28-EC13-4073-A221-2D739CFC713D}.Debug|Any CPU.Build.0 = Debug|Any CPU
		{CFB62B28-EC13-4073-A221-2D739CFC713D}.Release|Any CPU.ActiveCfg = Release|Any CPU
		{CFB62B28-EC13-4073-A221-2D739CFC713D}.Release|Any CPU.Build.0 = Release|Any CPU
		{79395DC1-FE5D-441C-A58F-C4389876954F}.Debug|Any CPU.ActiveCfg = Debug|Any CPU
		{79395DC1-FE5D-441C-A58F-C4389876954F}.Debug|Any CPU.Build.0 = Debug|Any CPU
		{79395DC1-FE5D-441C-A58F-C4389876954F}.Release|Any CPU.ActiveCfg = Release|Any CPU
		{79395DC1-FE5D-441C-A58F-C4389876954F}.Release|Any CPU.Build.0 = Release|Any CPU
		{ACCBCA06-D2AE-480E-AC9F-8EC40A8CB61A}.Debug|Any CPU.ActiveCfg = Debug|Any CPU
		{ACCBCA06-D2AE-480E-AC9F-8EC40A8CB61A}.Debug|Any CPU.Build.0 = Debug|Any CPU
		{ACCBCA06-D2AE-480E-AC9F-8EC40A8CB61A}.Release|Any CPU.ActiveCfg = Release|Any CPU
		{ACCBCA06-D2AE-480E-AC9F-8EC40A8CB61A}.Release|Any CPU.Build.0 = Release|Any CPU
		{35A226D3-9071-4A4F-881B-C79A5CDB6862}.Debug|Any CPU.ActiveCfg = Debug|Any CPU
		{35A226D3-9071-4A4F-881B-C79A5CDB6862}.Debug|Any CPU.Build.0 = Debug|Any CPU
		{35A226D3-9071-4A4F-881B-C79A5CDB6862}.Release|Any CPU.ActiveCfg = Release|Any CPU
		{35A226D3-9071-4A4F-881B-C79A5CDB6862}.Release|Any CPU.Build.0 = Release|Any CPU
	EndGlobalSection
	GlobalSection(SolutionProperties) = preSolution
		HideSolutionNode = FALSE
	EndGlobalSection
	GlobalSection(ExtensibilityGlobals) = postSolution
		SolutionGuid = {037CC412-AC2E-4A66-A71F-402C4CE73CFF}
	EndGlobalSection
EndGlobal
